
Microsoft Visual Studio Solution File, Format Version 12.00
# Visual Studio Version 16
VisualStudioVersion = 16.0.31702.278
MinimumVisualStudioVersion = 10.0.40219.1
Project("{FAE04EC0-301F-11D3-BF4B-00C04F79EFBC}") = "HomeWork_HearthStone", "HomeWork_HearthStone\HomeWork_HearthStone.csproj", "{8065C0E4-69AD-43A2-B4D6-2AE91BC06464}"
EndProject
Global
	GlobalSection(SolutionConfigurationPlatforms) = preSolution
		Debug|Any CPU = Debug|Any CPU
		Release|Any CPU = Release|Any CPU
	EndGlobalSection
	GlobalSection(ProjectConfigurationPlatforms) = postSolution
		{8065C0E4-69AD-43A2-B4D6-2AE91BC06464}.Debug|Any CPU.ActiveCfg = Debug|Any CPU
		{8065C0E4-69AD-43A2-B4D6-2AE91BC06464}.Debug|Any CPU.Build.0 = Debug|Any CPU
		{8065C0E4-69AD-43A2-B4D6-2AE91BC06464}.Release|Any CPU.ActiveCfg = Release|Any CPU
		{8065C0E4-69AD-43A2-B4D6-2AE91BC06464}.Release|Any CPU.Build.0 = Release|Any CPU
	EndGlobalSection
	GlobalSection(SolutionProperties) = preSolution
		HideSolutionNode = FALSE
	EndGlobalSection
	GlobalSection(ExtensibilityGlobals) = postSolution
		SolutionGuid = {A66F0ED5-B3D6-4520-ACF3-60E04B22BD2A}
	EndGlobalSection
EndGlobal
